Microsoft Visual Studio Solution File, Format Version 12.00
# Visual Studio 15
VisualStudioVersion = 15.0.28010.2036
MinimumVisualStudioVersion = 10.0.40219.1
Project("{2150E333-8FDC-42A3-9474-1A3956D46DE8}") = "samples", "samples", "{DE744EFF-2381-42CE-BD81-FE1A47284CD3}"
EndProject
Project("{2150E333-8FDC-42A3-9474-1A3956D46DE8}") = "src", "src", "{1063D54A-B4A7-4237-BA0A-7C4C05309FD5}"
EndProject
Project("{2150E333-8FDC-42A3-9474-1A3956D46DE8}") = "test", "test", "{5FF603E1-E0F7-47C6-AE6B-361655BED863}"
EndProject
Project("{9A19103F-16F7-4668-BE54-9A1E7A4F7556}") = "FootStone.FrontIce", "src\FootStone.FrontIce\FootStone.FrontIce.csproj", "{D16C37EF-A4D3-439A-9269-F8524CA17603}"
EndProject
Project("{9A19103F-16F7-4668-BE54-9A1E7A4F7556}") = "FootStone.ProtocolIce", "src\FootStone.Protocolce\FootStone.ProtocolIce.csproj", "{EF5C4894-D87C-4169-A37D-EB58C2CB2563}"
EndProject
Project("{9A19103F-16F7-4668-BE54-9A1E7A4F7556}") = "FootStone.Core", "src\FootStone.Core\FootStone.Core.csproj", "{11DAA272-F793-4130-8FCC-632D064E2DD7}"
EndProject
Project("{9A19103F-16F7-4668-BE54-9A1E7A4F7556}") = "TestAOI", "test\TestAOI\TestAOI.csproj", "{3250B5B3-4FBC-42A9-9636-5861A5C6B736}"
EndProject
Project("{9A19103F-16F7-4668-BE54-9A1E7A4F7556}") = "SampleGameServer", "samples\SampleGameServer\SampleGameServer.csproj", "{F955AACC-3DCB-4919-84E6-68185BBBF856}"
EndProject
Project("{9A19103F-16F7-4668-BE54-9A1E7A4F7556}") = "SampleFrontServer", "samples\SampleFrontServer\SampleFrontServer.csproj", "{C971E016-B6CA-4C60-A6B3-74EA1472508E}"
EndProject
Project("{9A19103F-16F7-4668-BE54-9A1E7A4F7556}") = "SampleClient", "samples\SampleClient\SampleClient.csproj", "{1EB595F2-7B58-4A26-8C6D-6CE6A510FBDD}"
EndProject
Project("{9A19103F-16F7-4668-BE54-9A1E7A4F7556}") = "SampleGrainInterfaces", "samples\SampleGrainInterfaces\SampleGrainInterfaces.csproj", "{B467EE3B-82A8-4405-839B-381D843E6B5F}"
EndProject
Project("{9A19103F-16F7-4668-BE54-9A1E7A4F7556}") = "FootStone.Game", "src\FootStone.Game\FootStone.Game.csproj", "{DF660C70-4B4A-405A-B6BA-5BF25AB678CD}"
EndProject
Project("{9A19103F-16F7-4668-BE54-9A1E7A4F7556}") = "FootStone.GrainInterfaces", "src\FootStone.GrainInterfaces\FootStone.GrainInterfaces.csproj", "{DEED950C-AE09-4661-8D92-218CB61A7EBC}"
EndProject
Project("{9A19103F-16F7-4668-BE54-9A1E7A4F7556}") = "SampleProtocolIce", "samples\SampleProtocolIce\SampleProtocolIce.csproj", "{AE13EF77-4D20-4773-88A4-03C7BAE4B3D7}"
EndProject
Project("{9A19103F-16F7-4668-BE54-9A1E7A4F7556}") = "SampleFrontIce", "samples\SampleFrontIce\SampleFrontIce.csproj", "{8F6FF703-AE8D-462B-966C-B07BE342D0EF}"
EndProject
Project("{FAE04EC0-301F-11D3-BF4B-00C04F79EFBC}") = "TestNettyClient", "test\TestNettyClient\TestNettyClient.csproj", "{03C304D2-CB4D-43B3-A5E1-452644CFF5C5}"
EndProject
Project("{FAE04EC0-301F-11D3-BF4B-00C04F79EFBC}") = "TestNettyServer", "test\TestNettyServer\TestNettyServer.csproj", "{0D95E75D-CDE1-4F78-AFA1-5C67875161FE}"
EndProject
Project("{FAE04EC0-301F-11D3-BF4B-00C04F79EFBC}") = "FootStone.FrontNetty", "src\FootStone.FrontNetty\FootStone.FrontNetty.csproj", "{C8423DA1-25A5-416F-8001-FC3D69017DAE}"
EndProject
Global
	GlobalSection(Performance) = preSolution
		HasPerformanceSessions = true
	EndGlobalSection
	GlobalSection(SolutionConfigurationPlatforms) = preSolution
		Debug|Any CPU = Debug|Any CPU
		Release|Any CPU = Release|Any CPU
	EndGlobalSection
	GlobalSection(ProjectConfigurationPlatforms) = postSolution
		{D16C37EF-A4D3-439A-9269-F8524CA17603}.Debug|Any CPU.ActiveCfg = Debug|Any CPU
		{D16C37EF-A4D3-439A-9269-F8524CA17603}.Debug|Any CPU.Build.0 = Debug|Any CPU
		{D16C37EF-A4D3-439A-9269-F8524CA17603}.Release|Any CPU.ActiveCfg = Release|Any CPU
		{D16C37EF-A4D3-439A-9269-F8524CA17603}.Release|Any CPU.Build.0 = Release|Any CPU
		{EF5C4894-D87C-4169-A37D-EB58C2CB2563}.Debug|Any CPU.ActiveCfg = Debug|Any CPU
		{EF5C4894-D87C-4169-A37D-EB58C2CB2563}.Debug|Any CPU.Build.0 = Debug|Any CPU
		{EF5C4894-D87C-4169-A37D-EB58C2CB2563}.Release|Any CPU.ActiveCfg = Release|Any CPU
		{EF5C4894-D87C-4169-A37D-EB58C2CB2563}.Release|Any CPU.Build.0 = Release|Any CPU
		{11DAA272-F793-4130-8FCC-632D064E2DD7}.Debug|Any CPU.ActiveCfg = Debug|Any CPU
		{11DAA272-F793-4130-8FCC-632D064E2DD7}.Debug|Any CPU.Build.0 = Debug|Any CPU
		{11DAA272-F793-4130-8FCC-632D064E2DD7}.Release|Any CPU.ActiveCfg = Release|Any CPU
		{11DAA272-F793-4130-8FCC-632D064E2DD7}.Release|Any CPU.Build.0 = Release|Any CPU
		{3250B5B3-4FBC-42A9-9636-5861A5C6B736}.Debug|Any CPU.ActiveCfg = Debug|Any CPU
		{3250B5B3-4FBC-42A9-9636-5861A5C6B736}.Debug|Any CPU.Build.0 = Debug|Any CPU
		{3250B5B3-4FBC-42A9-9636-5861A5C6B736}.Release|Any CPU.ActiveCfg = Release|Any CPU
		{3250B5B3-4FBC-42A9-9636-5861A5C6B736}.Release|Any CPU.Build.0 = Release|Any CPU
		{F955AACC-3DCB-4919-84E6-68185BBBF856}.Debug|Any CPU.ActiveCfg = Debug|Any CPU
		{F955AACC-3DCB-4919-84E6-68185BBBF856}.Debug|Any CPU.Build.0 = Debug|Any CPU
		{F955AACC-3DCB-4919-84E6-68185BBBF856}.Release|Any CPU.ActiveCfg = Release|Any CPU
		{F955AACC-3DCB-4919-84E6-68185BBBF856}.Release|Any CPU.Build.0 = Release|Any CPU
		{C971E016-B6CA-4C60-A6B3-74EA1472508E}.Debug|Any CPU.ActiveCfg = Debug|Any CPU
		{C971E016-B6CA-4C60-A6B3-74EA1472508E}.Debug|Any CPU.Build.0 = Debug|Any CPU
		{C971E016-B6CA-4C60-A6B3-74EA1472508E}.Release|Any CPU.ActiveCfg = Release|Any CPU
		{C971E016-B6CA-4C60-A6B3-74EA1472508E}.Release|Any CPU.Build.0 = Release|Any CPU
		{1EB595F2-7B58-4A26-8C6D-6CE6A510FBDD}.Debug|Any CPU.ActiveCfg = Debug|Any CPU
		{1EB595F2-7B58-4A26-8C6D-6CE6A510FBDD}.Debug|Any CPU.Build.0 = Debug|Any CPU
		{1EB595F2-7B58-4A26-8C6D-6CE6A510FBDD}.Release|Any CPU.ActiveCfg = Release|Any CPU
		{1EB595F2-7B58-4A26-8C6D-6CE6A510FBDD}.Release|Any CPU.Build.0 = Release|Any CPU
		{B467EE3B-82A8-4405-839B-381D843E6B5F}.Debug|Any CPU.ActiveCfg = Debug|Any CPU
		{B467EE3B-82A8-4405-839B-381D843E6B5F}.Debug|Any CPU.Build.0 = Debug|Any CPU
		{B467EE3B-82A8-4405-839B-381D843E6B5F}.Release|Any CPU.ActiveCfg = Release|Any CPU
		{B467EE3B-82A8-4405-839B-381D843E6B5F}.Release|Any CPU.Build.0 = Release|Any CPU
		{DF660C70-4B4A-405A-B6BA-5BF25AB678CD}.Debug|Any CPU.ActiveCfg = Debug|Any CPU
		{DF660C70-4B4A-405A-B6BA-5BF25AB678CD}.Debug|Any CPU.Build.0 = Debug|Any CPU
		{DF660C70-4B4A-405A-B6BA-5BF25AB678CD}.Release|Any CPU.ActiveCfg = Release|Any CPU
		{DF660C70-4B4A-405A-B6BA-5BF25AB678CD}.Release|Any CPU.Build.0 = Release|Any CPU
		{DEED950C-AE09-4661-8D92-218CB61A7EBC}.Debug|Any CPU.ActiveCfg = Debug|Any CPU
		{DEED950C-AE09-4661-8D92-218CB61A7EBC}.Debug|Any CPU.Build.0 = Debug|Any CPU
		{DEED950C-AE09-4661-8D92-218CB61A7EBC}.Release|Any CPU.ActiveCfg = Release|Any CPU
		{DEED950C-AE09-4661-8D92-218CB61A7EBC}.Release|Any CPU.Build.0 = Release|Any CPU
		{AE13EF77-4D20-4773-88A4-03C7BAE4B3D7}.Debug|Any CPU.ActiveCfg = Debug|Any CPU
		{AE13EF77-4D20-4773-88A4-03C7BAE4B3D7}.Debug|Any CPU.Build.0 = Debug|Any CPU
		{AE13EF77-4D20-4773-88A4-03C7BAE4B3D7}.Release|Any CPU.ActiveCfg = Release|Any CPU
		{AE13EF77-4D20-4773-88A4-03C7BAE4B3D7}.Release|Any CPU.Build.0 = Release|Any CPU
		{8F6FF703-AE8D-462B-966C-B07BE342D0EF}.Debug|Any CPU.ActiveCfg = Debug|Any CPU
		{8F6FF703-AE8D-462B-966C-B07BE342D0EF}.Debug|Any CPU.Build.0 = Debug|Any CPU
		{8F6FF703-AE8D-462B-966C-B07BE342D0EF}.Release|Any CPU.ActiveCfg = Release|Any CPU
		{8F6FF703-AE8D-462B-966C-B07BE342D0EF}.Release|Any CPU.Build.0 = Release|Any CPU
		{03C304D2-CB4D-43B3-A5E1-452644CFF5C5}.Debug|Any CPU.ActiveCfg = Debug|Any CPU
		{03C304D2-CB4D-43B3-A5E1-452644CFF5C5}.Debug|Any CPU.Build.0 = Debug|Any CPU
		{03C304D2-CB4D-43B3-A5E1-452644CFF5C5}.Release|Any CPU.ActiveCfg = Release|Any CPU
		{03C304D2-CB4D-43B3-A5E1-452644CFF5C5}.Release|Any CPU.Build.0 = Release|Any CPU
		{0D95E75D-CDE1-4F78-AFA1-5C67875161FE}.Debug|Any CPU.ActiveCfg = Debug|Any CPU
		{0D95E75D-CDE1-4F78-AFA1-5C67875161FE}.Debug|Any CPU.Build.0 = Debug|Any CPU
		{0D95E75D-CDE1-4F78-AFA1-5C67875161FE}.Release|Any CPU.ActiveCfg = Release|Any CPU
		{0D95E75D-CDE1-4F78-AFA1-5C67875161FE}.Release|Any CPU.Build.0 = Release|Any CPU
		{C8423DA1-25A5-416F-8001-FC3D69017DAE}.Debug|Any CPU.ActiveCfg = Debug|Any CPU
		{C8423DA1-25A5-416F-8001-FC3D69017DAE}.Debug|Any CPU.Build.0 = Debug|Any CPU
		{C8423DA1-25A5-416F-8001-FC3D69017DAE}.Release|Any CPU.ActiveCfg = Release|Any CPU
		{C8423DA1-25A5-416F-8001-FC3D69017DAE}.Release|Any CPU.Build.0 = Release|Any CPU
	EndGlobalSection
	GlobalSection(SolutionProperties) = preSolution
		HideSolutionNode = FALSE
	EndGlobalSection
	GlobalSection(NestedProjects) = preSolution
		{D16C37EF-A4D3-439A-9269-F8524CA17603} = {1063D54A-B4A7-4237-BA0A-7C4C05309FD5}
		{EF5C4894-D87C-4169-A37D-EB58C2CB2563} = {1063D54A-B4A7-4237-BA0A-7C4C05309FD5}
		{11DAA272-F793-4130-8FCC-632D064E2DD7} = {1063D54A-B4A7-4237-BA0A-7C4C05309FD5}
		{3250B5B3-4FBC-42A9-9636-5861A5C6B736} = {5FF603E1-E0F7-47C6-AE6B-361655BED863}
		{F955AACC-3DCB-4919-84E6-68185BBBF856} = {DE744EFF-2381-42CE-BD81-FE1A47284CD3}
		{C971E016-B6CA-4C60-A6B3-74EA1472508E} = {DE744EFF-2381-42CE-BD81-FE1A47284CD3}
		{1EB595F2-7B58-4A26-8C6D-6CE6A510FBDD} = {DE744EFF-2381-42CE-BD81-FE1A47284CD3}
		{B467EE3B-82A8-4405-839B-381D843E6B5F} = {DE744EFF-2381-42CE-BD81-FE1A47284CD3}
		{DF660C70-4B4A-405A-B6BA-5BF25AB678CD} = {1063D54A-B4A7-4237-BA0A-7C4C05309FD5}
		{DEED950C-AE09-4661-8D92-218CB61A7EBC} = {1063D54A-B4A7-4237-BA0A-7C4C05309FD5}
		{AE13EF77-4D20-4773-88A4-03C7BAE4B3D7} = {DE744EFF-2381-42CE-BD81-FE1A47284CD3}
		{8F6FF703-AE8D-462B-966C-B07BE342D0EF} = {DE744EFF-2381-42CE-BD81-FE1A47284CD3}
		{03C304D2-CB4D-43B3-A5E1-452644CFF5C5} = {5FF603E1-E0F7-47C6-AE6B-361655BED863}
		{0D95E75D-CDE1-4F78-AFA1-5C67875161FE} = {5FF603E1-E0F7-47C6-AE6B-361655BED863}
		{C8423DA1-25A5-416F-8001-FC3D69017DAE} = {1063D54A-B4A7-4237-BA0A-7C4C05309FD5}
	EndGlobalSection
	GlobalSection(ExtensibilityGlobals) = postSolution
		EnterpriseLibraryConfigurationToolBinariesPathV6 = packages\EnterpriseLibrary.Common.6.0.1304.0\lib\NET45;packages\EnterpriseLibrary.Logging.6.0.1304.0\lib\NET45
		SolutionGuid = {B32E5387-0FE4-4BD1-96BD-856703792BA1}
	EndGlobalSection
EndGlobal
