
Microsoft Visual Studio Solution File, Format Version 12.00
# Visual Studio 15
VisualStudioVersion = 15.0.28010.2036
MinimumVisualStudioVersion = 10.0.40219.1
Project("{9A19103F-16F7-4668-BE54-9A1E7A4F7556}") = "FootStone.Core.GameServer", "FootStone.Core.GameServer\FootStone.Core.GameServer.csproj", "{33D36C0F-4C80-4F6F-A1A0-6DE8A9FE0352}"
EndProject
Project("{9A19103F-16F7-4668-BE54-9A1E7A4F7556}") = "FootStone.Core.GrainInterfaces", "FootStone.Core.GrainInterfaces\FootStone.Core.GrainInterfaces.csproj", "{FB8DEC47-2E14-47B7-AC2A-C140E0B91C2F}"
EndProject
Project("{9A19103F-16F7-4668-BE54-9A1E7A4F7556}") = "FootStone.Core.Grains", "FootStone.Core.Grains\FootStone.Core.Grains.csproj", "{C6D3BB2D-5BEB-43B3-9B97-7673E2924617}"
EndProject
Project("{9A19103F-16F7-4668-BE54-9A1E7A4F7556}") = "FootStone.Core.Client", "FootStone.Core.Client\FootStone.Core.Client.csproj", "{B0F028D7-307B-4C9D-BB2E-069208EFE37C}"
EndProject
Project("{9A19103F-16F7-4668-BE54-9A1E7A4F7556}") = "FootStone.Protocol", "..\FootStone.Protocol\FootStone.Protocol.csproj", "{E4267C88-B5EF-4684-A001-97F1878B9A18}"
EndProject
Project("{9A19103F-16F7-4668-BE54-9A1E7A4F7556}") = "FootStone.Core.FrontIce", "FootStone.Core.FrontIce\FootStone.Core.FrontIce.csproj", "{92892749-801B-4FC0-AFF9-D4913CD76688}"
EndProject
Global
	GlobalSection(SolutionConfigurationPlatforms) = preSolution
		Debug|Any CPU = Debug|Any CPU
		Release|Any CPU = Release|Any CPU
	EndGlobalSection
	GlobalSection(ProjectConfigurationPlatforms) = postSolution
		{33D36C0F-4C80-4F6F-A1A0-6DE8A9FE0352}.Debug|Any CPU.ActiveCfg = Debug|Any CPU
		{33D36C0F-4C80-4F6F-A1A0-6DE8A9FE0352}.Debug|Any CPU.Build.0 = Debug|Any CPU
		{33D36C0F-4C80-4F6F-A1A0-6DE8A9FE0352}.Release|Any CPU.ActiveCfg = Release|Any CPU
		{33D36C0F-4C80-4F6F-A1A0-6DE8A9FE0352}.Release|Any CPU.Build.0 = Release|Any CPU
		{FB8DEC47-2E14-47B7-AC2A-C140E0B91C2F}.Debug|Any CPU.ActiveCfg = Debug|Any CPU
		{FB8DEC47-2E14-47B7-AC2A-C140E0B91C2F}.Debug|Any CPU.Build.0 = Debug|Any CPU
		{FB8DEC47-2E14-47B7-AC2A-C140E0B91C2F}.Release|Any CPU.ActiveCfg = Release|Any CPU
		{FB8DEC47-2E14-47B7-AC2A-C140E0B91C2F}.Release|Any CPU.Build.0 = Release|Any CPU
		{C6D3BB2D-5BEB-43B3-9B97-7673E2924617}.Debug|Any CPU.ActiveCfg = Debug|Any CPU
		{C6D3BB2D-5BEB-43B3-9B97-7673E2924617}.Debug|Any CPU.Build.0 = Debug|Any CPU
		{C6D3BB2D-5BEB-43B3-9B97-7673E2924617}.Release|Any CPU.ActiveCfg = Release|Any CPU
		{C6D3BB2D-5BEB-43B3-9B97-7673E2924617}.Release|Any CPU.Build.0 = Release|Any CPU
		{B0F028D7-307B-4C9D-BB2E-069208EFE37C}.Debug|Any CPU.ActiveCfg = Debug|Any CPU
		{B0F028D7-307B-4C9D-BB2E-069208EFE37C}.Debug|Any CPU.Build.0 = Debug|Any CPU
		{B0F028D7-307B-4C9D-BB2E-069208EFE37C}.Release|Any CPU.ActiveCfg = Release|Any CPU
		{B0F028D7-307B-4C9D-BB2E-069208EFE37C}.Release|Any CPU.Build.0 = Release|Any CPU
		{E4267C88-B5EF-4684-A001-97F1878B9A18}.Debug|Any CPU.ActiveCfg = Debug|Any CPU
		{E4267C88-B5EF-4684-A001-97F1878B9A18}.Debug|Any CPU.Build.0 = Debug|Any CPU
		{E4267C88-B5EF-4684-A001-97F1878B9A18}.Release|Any CPU.ActiveCfg = Release|Any CPU
		{E4267C88-B5EF-4684-A001-97F1878B9A18}.Release|Any CPU.Build.0 = Release|Any CPU
		{92892749-801B-4FC0-AFF9-D4913CD76688}.Debug|Any CPU.ActiveCfg = Debug|Any CPU
		{92892749-801B-4FC0-AFF9-D4913CD76688}.Debug|Any CPU.Build.0 = Debug|Any CPU
		{92892749-801B-4FC0-AFF9-D4913CD76688}.Release|Any CPU.ActiveCfg = Release|Any CPU
		{92892749-801B-4FC0-AFF9-D4913CD76688}.Release|Any CPU.Build.0 = Release|Any CPU
	EndGlobalSection
	GlobalSection(SolutionProperties) = preSolution
		HideSolutionNode = FALSE
	EndGlobalSection
	GlobalSection(ExtensibilityGlobals) = postSolution
		EnterpriseLibraryConfigurationToolBinariesPathV6 = packages\EnterpriseLibrary.Common.6.0.1304.0\lib\NET45;packages\EnterpriseLibrary.Logging.6.0.1304.0\lib\NET45
		SolutionGuid = {B32E5387-0FE4-4BD1-96BD-856703792BA1}
	EndGlobalSection
EndGlobal
